
Microsoft Visual Studio Solution File, Format Version 12.00
# Visual Studio Version 16
VisualStudioVersion = 16.0.808.3
MinimumVisualStudioVersion = 10.0.40219.1
Project("{FAE04EC0-301F-11D3-BF4B-00C04F79EFBC}") = "specflow", "specflow\specflow.csproj", "{8DEFEBAA-0488-4DE5-9B9D-B2FDC2D8A57D}"
EndProject
Global
	GlobalSection(SolutionConfigurationPlatforms) = preSolution
		Debug|anycpu = Debug|anycpu
		Release|anycpu = Release|anycpu
	EndGlobalSection
	GlobalSection(ProjectConfigurationPlatforms) = postSolution
		{8DEFEBAA-0488-4DE5-9B9D-B2FDC2D8A57D}.Debug|anycpu.ActiveCfg = Debug|anycpu
		{8DEFEBAA-0488-4DE5-9B9D-B2FDC2D8A57D}.Debug|anycpu.Build.0 = Debug|anycpu
		{8DEFEBAA-0488-4DE5-9B9D-B2FDC2D8A57D}.Release|anycpu.ActiveCfg = Release|anycpu
		{8DEFEBAA-0488-4DE5-9B9D-B2FDC2D8A57D}.Release|anycpu.Build.0 = Release|anycpu
	EndGlobalSection
	GlobalSection(SolutionProperties) = preSolution
		HideSolutionNode = FALSE
	EndGlobalSection
	GlobalSection(ExtensibilityGlobals) = postSolution
		SolutionGuid = {7BF23082-0CBC-4131-AD8E-6EDA09D04479}
	EndGlobalSection
EndGlobal
